
Microsoft Visual Studio Solution File, Format Version 12.00
# Visual Studio Version 16
VisualStudioVersion = 16.0.29424.173
MinimumVisualStudioVersion = 10.0.40219.1
Project("{9A19103F-16F7-4668-BE54-9A1E7A4F7556}") = "BanconChinautla", "BanconChinautla\BanconChinautla.csproj", "{FD7E05EC-921A-402A-A666-332DC25D8B5E}"
EndProject
Global
	GlobalSection(SolutionConfigurationPlatforms) = preSolution
		Debug|Any CPU = Debug|Any CPU
		Release|Any CPU = Release|Any CPU
	EndGlobalSection
	GlobalSection(ProjectConfigurationPlatforms) = postSolution
		{FD7E05EC-921A-402A-A666-332DC25D8B5E}.Debug|Any CPU.ActiveCfg = Debug|Any CPU
		{FD7E05EC-921A-402A-A666-332DC25D8B5E}.Debug|Any CPU.Build.0 = Debug|Any CPU
		{FD7E05EC-921A-402A-A666-332DC25D8B5E}.Release|Any CPU.ActiveCfg = Release|Any CPU
		{FD7E05EC-921A-402A-A666-332DC25D8B5E}.Release|Any CPU.Build.0 = Release|Any CPU
	EndGlobalSection
	GlobalSection(SolutionProperties) = preSolution
		HideSolutionNode = FALSE
	EndGlobalSection
	GlobalSection(ExtensibilityGlobals) = postSolution
		SolutionGuid = {59544401-4632-4D34-BBF7-5DF60CFB50B4}
	EndGlobalSection
EndGlobal
